
Microsoft Visual Studio Solution File, Format Version 12.00
Project("{FAE04EC0-301F-11D3-BF4B-00C04F79EFBC}") = "InfraWatcher", "InfraWatcher\InfraWatcher.csproj", "{BA61E743-4D13-4DEB-B58D-FD637C26AC8D}"
EndProject
Project("{2150E333-8FDC-42A3-9474-1A3956D46DE8}") = "Common", "Common", "{4202A3D3-B62B-4AC6-8072-644A1A3BF08D}"
EndProject
Project("{FAE04EC0-301F-11D3-BF4B-00C04F79EFBC}") = "Common.Contracts", "submodules\Common\Common.Contracts\Common.Contracts.csproj", "{700AD041-2725-4FF1-BA7E-8BB0FF44583E}"
EndProject
Project("{FAE04EC0-301F-11D3-BF4B-00C04F79EFBC}") = "Common.Host", "submodules\Common\Common.Host\Common.Host.csproj", "{3F9EF08C-30E6-4419-99E8-56C81B98D5CE}"
EndProject
Project("{FAE04EC0-301F-11D3-BF4B-00C04F79EFBC}") = "Common.Host.Web", "submodules\Common\Common.Host.Web\Common.Host.Web.csproj", "{0E1B78D5-0E69-424D-9145-032F16EB1F22}"
EndProject
Project("{FAE04EC0-301F-11D3-BF4B-00C04F79EFBC}") = "Common.Contrib", "submodules\Common\Common.Contrib\Common.Contrib.csproj", "{2F7D2B8E-6015-4F2F-9EC1-8191F09305ED}"
EndProject
Project("{FAE04EC0-301F-11D3-BF4B-00C04F79EFBC}") = "Common", "submodules\Common\Common\Common.csproj", "{13E4F902-1387-4C59-AAFD-A70E1D1033F8}"
EndProject
Project("{FAE04EC0-301F-11D3-BF4B-00C04F79EFBC}") = "Common.Host.Cli", "submodules\Common\Common.Host.Cli\Common.Host.Cli.csproj", "{128AB798-9FC6-4BBA-9910-813D7FEAE575}"
EndProject
Project("{FAE04EC0-301F-11D3-BF4B-00C04F79EFBC}") = "Common.Contrib.Tests", "submodules\Common\Common.Contrib.Tests\Common.Contrib.Tests.csproj", "{B0E1E2C2-FDE7-4677-B43F-03093569C190}"
EndProject
Project("{FAE04EC0-301F-11D3-BF4B-00C04F79EFBC}") = "Common.Tests", "submodules\Common\Common.Tests\Common.Tests.csproj", "{069D8391-B5C3-4A2D-AB55-5FB057B6F8D1}"
EndProject
Project("{FAE04EC0-301F-11D3-BF4B-00C04F79EFBC}") = "Common.Markdown", "submodules\Common\Common.Markdown\Common.Markdown.csproj", "{070B92A8-9E33-4F05-BEB4-7808294B6A5A}"
EndProject
Global
	GlobalSection(SolutionConfigurationPlatforms) = preSolution
		Debug|Any CPU = Debug|Any CPU
		Release|Any CPU = Release|Any CPU
	EndGlobalSection
	GlobalSection(ProjectConfigurationPlatforms) = postSolution
		{BA61E743-4D13-4DEB-B58D-FD637C26AC8D}.Debug|Any CPU.ActiveCfg = Debug|Any CPU
		{BA61E743-4D13-4DEB-B58D-FD637C26AC8D}.Debug|Any CPU.Build.0 = Debug|Any CPU
		{BA61E743-4D13-4DEB-B58D-FD637C26AC8D}.Release|Any CPU.ActiveCfg = Release|Any CPU
		{BA61E743-4D13-4DEB-B58D-FD637C26AC8D}.Release|Any CPU.Build.0 = Release|Any CPU
		{700AD041-2725-4FF1-BA7E-8BB0FF44583E}.Debug|Any CPU.ActiveCfg = Debug|Any CPU
		{700AD041-2725-4FF1-BA7E-8BB0FF44583E}.Debug|Any CPU.Build.0 = Debug|Any CPU
		{700AD041-2725-4FF1-BA7E-8BB0FF44583E}.Release|Any CPU.ActiveCfg = Release|Any CPU
		{700AD041-2725-4FF1-BA7E-8BB0FF44583E}.Release|Any CPU.Build.0 = Release|Any CPU
		{3F9EF08C-30E6-4419-99E8-56C81B98D5CE}.Debug|Any CPU.ActiveCfg = Debug|Any CPU
		{3F9EF08C-30E6-4419-99E8-56C81B98D5CE}.Debug|Any CPU.Build.0 = Debug|Any CPU
		{3F9EF08C-30E6-4419-99E8-56C81B98D5CE}.Release|Any CPU.ActiveCfg = Release|Any CPU
		{3F9EF08C-30E6-4419-99E8-56C81B98D5CE}.Release|Any CPU.Build.0 = Release|Any CPU
		{0E1B78D5-0E69-424D-9145-032F16EB1F22}.Debug|Any CPU.ActiveCfg = Debug|Any CPU
		{0E1B78D5-0E69-424D-9145-032F16EB1F22}.Debug|Any CPU.Build.0 = Debug|Any CPU
		{0E1B78D5-0E69-424D-9145-032F16EB1F22}.Release|Any CPU.ActiveCfg = Release|Any CPU
		{0E1B78D5-0E69-424D-9145-032F16EB1F22}.Release|Any CPU.Build.0 = Release|Any CPU
		{2F7D2B8E-6015-4F2F-9EC1-8191F09305ED}.Debug|Any CPU.ActiveCfg = Debug|Any CPU
		{2F7D2B8E-6015-4F2F-9EC1-8191F09305ED}.Debug|Any CPU.Build.0 = Debug|Any CPU
		{2F7D2B8E-6015-4F2F-9EC1-8191F09305ED}.Release|Any CPU.ActiveCfg = Release|Any CPU
		{2F7D2B8E-6015-4F2F-9EC1-8191F09305ED}.Release|Any CPU.Build.0 = Release|Any CPU
		{13E4F902-1387-4C59-AAFD-A70E1D1033F8}.Debug|Any CPU.ActiveCfg = Debug|Any CPU
		{13E4F902-1387-4C59-AAFD-A70E1D1033F8}.Debug|Any CPU.Build.0 = Debug|Any CPU
		{13E4F902-1387-4C59-AAFD-A70E1D1033F8}.Release|Any CPU.ActiveCfg = Release|Any CPU
		{13E4F902-1387-4C59-AAFD-A70E1D1033F8}.Release|Any CPU.Build.0 = Release|Any CPU
		{128AB798-9FC6-4BBA-9910-813D7FEAE575}.Debug|Any CPU.ActiveCfg = Debug|Any CPU
		{128AB798-9FC6-4BBA-9910-813D7FEAE575}.Debug|Any CPU.Build.0 = Debug|Any CPU
		{128AB798-9FC6-4BBA-9910-813D7FEAE575}.Release|Any CPU.ActiveCfg = Release|Any CPU
		{128AB798-9FC6-4BBA-9910-813D7FEAE575}.Release|Any CPU.Build.0 = Release|Any CPU
		{B0E1E2C2-FDE7-4677-B43F-03093569C190}.Debug|Any CPU.ActiveCfg = Debug|Any CPU
		{B0E1E2C2-FDE7-4677-B43F-03093569C190}.Debug|Any CPU.Build.0 = Debug|Any CPU
		{B0E1E2C2-FDE7-4677-B43F-03093569C190}.Release|Any CPU.ActiveCfg = Release|Any CPU
		{B0E1E2C2-FDE7-4677-B43F-03093569C190}.Release|Any CPU.Build.0 = Release|Any CPU
		{069D8391-B5C3-4A2D-AB55-5FB057B6F8D1}.Debug|Any CPU.ActiveCfg = Debug|Any CPU
		{069D8391-B5C3-4A2D-AB55-5FB057B6F8D1}.Debug|Any CPU.Build.0 = Debug|Any CPU
		{069D8391-B5C3-4A2D-AB55-5FB057B6F8D1}.Release|Any CPU.ActiveCfg = Release|Any CPU
		{069D8391-B5C3-4A2D-AB55-5FB057B6F8D1}.Release|Any CPU.Build.0 = Release|Any CPU
		{070B92A8-9E33-4F05-BEB4-7808294B6A5A}.Debug|Any CPU.ActiveCfg = Debug|Any CPU
		{070B92A8-9E33-4F05-BEB4-7808294B6A5A}.Debug|Any CPU.Build.0 = Debug|Any CPU
		{070B92A8-9E33-4F05-BEB4-7808294B6A5A}.Release|Any CPU.ActiveCfg = Release|Any CPU
		{070B92A8-9E33-4F05-BEB4-7808294B6A5A}.Release|Any CPU.Build.0 = Release|Any CPU
	EndGlobalSection
	GlobalSection(NestedProjects) = preSolution
		{700AD041-2725-4FF1-BA7E-8BB0FF44583E} = {4202A3D3-B62B-4AC6-8072-644A1A3BF08D}
		{3F9EF08C-30E6-4419-99E8-56C81B98D5CE} = {4202A3D3-B62B-4AC6-8072-644A1A3BF08D}
		{0E1B78D5-0E69-424D-9145-032F16EB1F22} = {4202A3D3-B62B-4AC6-8072-644A1A3BF08D}
		{2F7D2B8E-6015-4F2F-9EC1-8191F09305ED} = {4202A3D3-B62B-4AC6-8072-644A1A3BF08D}
		{13E4F902-1387-4C59-AAFD-A70E1D1033F8} = {4202A3D3-B62B-4AC6-8072-644A1A3BF08D}
		{128AB798-9FC6-4BBA-9910-813D7FEAE575} = {4202A3D3-B62B-4AC6-8072-644A1A3BF08D}
		{B0E1E2C2-FDE7-4677-B43F-03093569C190} = {4202A3D3-B62B-4AC6-8072-644A1A3BF08D}
		{069D8391-B5C3-4A2D-AB55-5FB057B6F8D1} = {4202A3D3-B62B-4AC6-8072-644A1A3BF08D}
		{070B92A8-9E33-4F05-BEB4-7808294B6A5A} = {4202A3D3-B62B-4AC6-8072-644A1A3BF08D}
	EndGlobalSection
EndGlobal
